
Microsoft Visual Studio Solution File, Format Version 12.00
# Visual Studio Version 16
VisualStudioVersion = 16.0.29009.5
MinimumVisualStudioVersion = 10.0.40219.1
Project("{FAE04EC0-301F-11D3-BF4B-00C04F79EFBC}") = "CrpytoScraper.KeywordLogic", "KeywordLogic\CrpytoScraper.KeywordLogic.csproj", "{0D3D0B47-C926-4007-A4A1-94F1ED7F1756}"
EndProject
Project("{FAE04EC0-301F-11D3-BF4B-00C04F79EFBC}") = "CryptoScraper.Service", "KeywordScraper.Service\CryptoScraper.Service.csproj", "{60F7660D-4D53-4644-BA19-3662D1FDC2FA}"
EndProject
Project("{9A19103F-16F7-4668-BE54-9A1E7A4F7556}") = "CryptoScraper.Models", "CryptoScraper.Models\CryptoScraper.Models.csproj", "{44832680-7548-47C5-93FE-B84DC5065556}"
EndProject
Global
	GlobalSection(SolutionConfigurationPlatforms) = preSolution
		Debug|Any CPU = Debug|Any CPU
		Release|Any CPU = Release|Any CPU
	EndGlobalSection
	GlobalSection(ProjectConfigurationPlatforms) = postSolution
		{0D3D0B47-C926-4007-A4A1-94F1ED7F1756}.Debug|Any CPU.ActiveCfg = Debug|Any CPU
		{0D3D0B47-C926-4007-A4A1-94F1ED7F1756}.Debug|Any CPU.Build.0 = Debug|Any CPU
		{0D3D0B47-C926-4007-A4A1-94F1ED7F1756}.Release|Any CPU.ActiveCfg = Release|Any CPU
		{0D3D0B47-C926-4007-A4A1-94F1ED7F1756}.Release|Any CPU.Build.0 = Release|Any CPU
		{60F7660D-4D53-4644-BA19-3662D1FDC2FA}.Debug|Any CPU.ActiveCfg = Debug|Any CPU
		{60F7660D-4D53-4644-BA19-3662D1FDC2FA}.Debug|Any CPU.Build.0 = Debug|Any CPU
		{60F7660D-4D53-4644-BA19-3662D1FDC2FA}.Release|Any CPU.ActiveCfg = Release|Any CPU
		{60F7660D-4D53-4644-BA19-3662D1FDC2FA}.Release|Any CPU.Build.0 = Release|Any CPU
		{44832680-7548-47C5-93FE-B84DC5065556}.Debug|Any CPU.ActiveCfg = Debug|Any CPU
		{44832680-7548-47C5-93FE-B84DC5065556}.Debug|Any CPU.Build.0 = Debug|Any CPU
		{44832680-7548-47C5-93FE-B84DC5065556}.Release|Any CPU.ActiveCfg = Release|Any CPU
		{44832680-7548-47C5-93FE-B84DC5065556}.Release|Any CPU.Build.0 = Release|Any CPU
	EndGlobalSection
	GlobalSection(SolutionProperties) = preSolution
		HideSolutionNode = FALSE
	EndGlobalSection
	GlobalSection(ExtensibilityGlobals) = postSolution
		SolutionGuid = {DF157F82-4E4A-49F4-B6D9-72DA451C353E}
	EndGlobalSection
EndGlobal
